
Microsoft Visual Studio Solution File, Format Version 12.00
# Visual Studio 15
VisualStudioVersion = 15.0.27004.2009
MinimumVisualStudioVersion = 10.0.40219.1
Project("{9092AA53-FB77-4645-B42D-1CCCA6BD08BD}") = "GameServer", "GameServer.njsproj", "{4F19B7AE-4438-486B-AD46-7C6A3317350E}"
EndProject
Global
	GlobalSection(SolutionConfigurationPlatforms) = preSolution
		Debug|Any CPU = Debug|Any CPU
		Release|Any CPU = Release|Any CPU
	EndGlobalSection
	GlobalSection(ProjectConfigurationPlatforms) = postSolution
		{4F19B7AE-4438-486B-AD46-7C6A3317350E}.Debug|Any CPU.ActiveCfg = Debug|Any CPU
		{4F19B7AE-4438-486B-AD46-7C6A3317350E}.Debug|Any CPU.Build.0 = Debug|Any CPU
		{4F19B7AE-4438-486B-AD46-7C6A3317350E}.Release|Any CPU.ActiveCfg = Release|Any CPU
		{4F19B7AE-4438-486B-AD46-7C6A3317350E}.Release|Any CPU.Build.0 = Release|Any CPU
	EndGlobalSection
	GlobalSection(SolutionProperties) = preSolution
		HideSolutionNode = FALSE
	EndGlobalSection
	GlobalSection(ExtensibilityGlobals) = postSolution
		SolutionGuid = {D8F7E79A-5C65-4711-9159-5F62E82D5515}
	EndGlobalSection
EndGlobal
